
Microsoft Visual Studio Solution File, Format Version 12.00
# Visual Studio Version 17
VisualStudioVersion = 17.11.35219.272
MinimumVisualStudioVersion = 10.0.40219.1
Project("{FAE04EC0-301F-11D3-BF4B-00C04F79EFBC}") = "CRUDAPP2", "CRUDAPP2\CRUDAPP2.csproj", "{53713BE1-E25B-4338-AD77-AEEEBD76EB9B}"
EndProject
Global
	GlobalSection(SolutionConfigurationPlatforms) = preSolution
		Debug|Any CPU = Debug|Any CPU
		Release|Any CPU = Release|Any CPU
	EndGlobalSection
	GlobalSection(ProjectConfigurationPlatforms) = postSolution
		{53713BE1-E25B-4338-AD77-AEEEBD76EB9B}.Debug|Any CPU.ActiveCfg = Debug|Any CPU
		{53713BE1-E25B-4338-AD77-AEEEBD76EB9B}.Debug|Any CPU.Build.0 = Debug|Any CPU
		{53713BE1-E25B-4338-AD77-AEEEBD76EB9B}.Release|Any CPU.ActiveCfg = Release|Any CPU
		{53713BE1-E25B-4338-AD77-AEEEBD76EB9B}.Release|Any CPU.Build.0 = Release|Any CPU
	EndGlobalSection
	GlobalSection(SolutionProperties) = preSolution
		HideSolutionNode = FALSE
	EndGlobalSection
	GlobalSection(ExtensibilityGlobals) = postSolution
		SolutionGuid = {DB862E2D-83D7-4602-BCB5-BFD12FC01666}
	EndGlobalSection
EndGlobal
